
Microsoft Visual Studio Solution File, Format Version 12.00
# Visual Studio Version 17
VisualStudioVersion = 17.6.33712.159
MinimumVisualStudioVersion = 10.0.40219.1
Project("{FAE04EC0-301F-11D3-BF4B-00C04F79EFBC}") = "ConsoleApp1", "ConsoleApp1.csproj", "{C49A0737-31D0-4E89-9DB6-63BDDB0E1045}"
EndProject
Global
	GlobalSection(SolutionConfigurationPlatforms) = preSolution
		Debug|Any CPU = Debug|Any CPU
		Release|Any CPU = Release|Any CPU
	EndGlobalSection
	GlobalSection(ProjectConfigurationPlatforms) = postSolution
		{C49A0737-31D0-4E89-9DB6-63BDDB0E1045}.Debug|Any CPU.ActiveCfg = Debug|Any CPU
		{C49A0737-31D0-4E89-9DB6-63BDDB0E1045}.Debug|Any CPU.Build.0 = Debug|Any CPU
		{C49A0737-31D0-4E89-9DB6-63BDDB0E1045}.Release|Any CPU.ActiveCfg = Release|Any CPU
		{C49A0737-31D0-4E89-9DB6-63BDDB0E1045}.Release|Any CPU.Build.0 = Release|Any CPU
	EndGlobalSection
	GlobalSection(SolutionProperties) = preSolution
		HideSolutionNode = FALSE
	EndGlobalSection
	GlobalSection(ExtensibilityGlobals) = postSolution
		SolutionGuid = {509D2BA6-8212-4409-A1D4-565F2CAE27A6}
	EndGlobalSection
EndGlobal
